PODS:
  - Aspects (1.4.1)
  - ReactiveCocoa (2.5):
    - ReactiveCocoa/UI (= 2.5)
  - ReactiveCocoa/Core (2.5):
    - ReactiveCocoa/no-arc
  - ReactiveCocoa/no-arc (2.5)
  - ReactiveCocoa/UI (2.5):
    - ReactiveCocoa/Core

DEPENDENCIES:
  - Aspects (~> 1.4.1)
  - ReactiveCocoa (~> 2.5)

SPEC REPOS:
  trunk:
    - Aspects
    - ReactiveCocoa

SPEC CHECKSUMS:
  Aspects: 7595ba96a6727a58ebcbfc954497fc5d2fdde546
  ReactiveCocoa: e2db045570aa97c695e7aa97c2bcab222ae51f4a

PODFILE CHECKSUM: c7b60825225e8925d462a17c9d23acba84c5978a

COCOAPODS: 1.9.0
